// !$*UTF8*$!
{
	archiveVersion = 1;
	classes = {
	};
	objectVersion = 56;
	objects = {

/* Begin PBXBuildFile section */
		52D052142BD74ABE00337715 /* NewsIndoApp.swift in Sources */ = {isa = PBXBuildFile; fileRef = 52D052132BD74ABE00337715 /* NewsIndoApp.swift */; };
		52D052162BD74ABE00337715 /* ContentView.swift in Sources */ = {isa = PBXBuildFile; fileRef = 52D052152BD74ABE00337715 /* ContentView.swift */; };
		52D052182BD74ABF00337715 /* Assets.xcassets in Resources */ = {isa = PBXBuildFile; fileRef = 52D052172BD74ABF00337715 /* Assets.xcassets */; };
		52D0521B2BD74ABF00337715 /* Preview Assets.xcassets in Resources */ = {isa = PBXBuildFile; fileRef = 52D0521A2BD74ABF00337715 /* Preview Assets.xcassets */; };
		52D052262BD7504D00337715 /* News.swift in Sources */ = {isa = PBXBuildFile; fileRef = 52D052252BD7504D00337715 /* News.swift */; };
		52D052292BD7541800337715 /* Alamofire in Frameworks */ = {isa = PBXBuildFile; productRef = 52D052282BD7541800337715 /* Alamofire */; };
		52D0522B2BD7541800337715 /* AlamofireDynamic in Frameworks */ = {isa = PBXBuildFile; productRef = 52D0522A2BD7541800337715 /* AlamofireDynamic */; };
		52D0522E2BD7554000337715 /* Constant.swift in Sources */ = {isa = PBXBuildFile; fileRef = 52D0522D2BD7554000337715 /* Constant.swift */; };
		52D052302BD755DB00337715 /* APIService.swift in Sources */ = {isa = PBXBuildFile; fileRef = 52D0522F2BD755DB00337715 /* APIService.swift */; };
		52D052332BD75A8F00337715 /* NewsVM.swift in Sources */ = {isa = PBXBuildFile; fileRef = 52D052322BD75A8F00337715 /* NewsVM.swift */; };
		52D052372BD7626A00337715 /* String+ExtDate.swift in Sources */ = {isa = PBXBuildFile; fileRef = 52D052362BD7626A00337715 /* String+ExtDate.swift */; };
		52D0523B2BD7845100337715 /* NewsZetizen.swift in Sources */ = {isa = PBXBuildFile; fileRef = 52D0523A2BD7845000337715 /* NewsZetizen.swift */; };
		52D0523E2BD7859C00337715 /* APIZetizenService.swift in Sources */ = {isa = PBXBuildFile; fileRef = 52D0523D2BD7859C00337715 /* APIZetizenService.swift */; };
		52D052412BD787F700337715 /* ZetizenVM.swift in Sources */ = {isa = PBXBuildFile; fileRef = 52D052402BD787F700337715 /* ZetizenVM.swift */; };
		52D052442BD7897000337715 /* ZetizenView.swift in Sources */ = {isa = PBXBuildFile; fileRef = 52D052432BD7897000337715 /* ZetizenView.swift */; };
/* End PBXBuildFile section */

/* Begin PBXFileReference section */
		52D052102BD74ABE00337715 /* NewsIndo.app */ = {isa = PBXFileReference; explicitFileType = wrapper.application; includeInIndex = 0; path = NewsIndo.app; sourceTree = BUILT_PRODUCTS_DIR; };
		52D052132BD74ABE00337715 /* NewsIndoApp.swift */ = {isa = PBXFileReference; lastKnownFileType = sourcecode.swift; path = NewsIndoApp.swift; sourceTree = "<group>"; };
		52D052152BD74ABE00337715 /* ContentView.swift */ = {isa = PBXFileReference; lastKnownFileType = sourcecode.swift; path = ContentView.swift; sourceTree = "<group>"; };
		52D052172BD74ABF00337715 /* Assets.xcassets */ = {isa = PBXFileReference; lastKnownFileType = folder.assetcatalog; path = Assets.xcassets; sourceTree = "<group>"; };
		52D0521A2BD74ABF00337715 /* Preview Assets.xcassets */ = {isa = PBXFileReference; lastKnownFileType = folder.assetcatalog; path = "Preview Assets.xcassets"; sourceTree = "<group>"; };
		52D052252BD7504D00337715 /* News.swift */ = {isa = PBXFileReference; lastKnownFileType = sourcecode.swift; path = News.swift; sourceTree = "<group>"; };
		52D0522D2BD7554000337715 /* Constant.swift */ = {isa = PBXFileReference; lastKnownFileType = sourcecode.swift; path = Constant.swift; sourceTree = "<group>"; };
		52D0522F2BD755DB00337715 /* APIService.swift */ = {isa = PBXFileReference; lastKnownFileType = sourcecode.swift; path = APIService.swift; sourceTree = "<group>"; };
		52D052322BD75A8F00337715 /* NewsVM.swift */ = {isa = PBXFileReference; lastKnownFileType = sourcecode.swift; path = NewsVM.swift; sourceTree = "<group>"; };
		52D052362BD7626A00337715 /* String+ExtDate.swift */ = {isa = PBXFileReference; lastKnownFileType = sourcecode.swift; path = "String+ExtDate.swift"; sourceTree = "<group>"; };
		52D0523A2BD7845000337715 /* NewsZetizen.swift */ = {isa = PBXFileReference; lastKnownFileType = sourcecode.swift; path = NewsZetizen.swift; sourceTree = "<group>"; };
		52D0523D2BD7859C00337715 /* APIZetizenService.swift */ = {isa = PBXFileReference; lastKnownFileType = sourcecode.swift; path = APIZetizenService.swift; sourceTree = "<group>"; };
		52D052402BD787F700337715 /* ZetizenVM.swift */ = {isa = PBXFileReference; lastKnownFileType = sourcecode.swift; path = ZetizenVM.swift; sourceTree = "<group>"; };
		52D052432BD7897000337715 /* ZetizenView.swift */ = {isa = PBXFileReference; lastKnownFileType = sourcecode.swift; path = ZetizenView.swift; sourceTree = "<group>"; };
/* End PBXFileReference section */

/* Begin PBXFrameworksBuildPhase section */
		52D0520D2BD74ABE00337715 /* Frameworks */ = {
			isa = PBXFrameworksBuildPhase;
			buildActionMask = 2147483647;
			files = (
				52D052292BD7541800337715 /* Alamofire in Frameworks */,
				52D0522B2BD7541800337715 /* AlamofireDynamic in Frameworks */,
			);
			runOnlyForDeploymentPostprocessing = 0;
		};
/* End PBXFrameworksBuildPhase section */

/* Begin PBXGroup section */
		52D052072BD74ABE00337715 = {
			isa = PBXGroup;
			children = (
				52D052122BD74ABE00337715 /* NewsIndo */,
				52D052112BD74ABE00337715 /* Products */,
			);
			sourceTree = "<group>";
		};
		52D052112BD74ABE00337715 /* Products */ = {
			isa = PBXGroup;
			children = (
				52D052102BD74ABE00337715 /* NewsIndo.app */,
			);
			name = Products;
			sourceTree = "<group>";
		};
		52D052122BD74ABE00337715 /* NewsIndo */ = {
			isa = PBXGroup;
			children = (
				52D052382BD7841A00337715 /* Zetizen */,
				52D052352BD7622900337715 /* Helper */,
				52D052312BD75A7E00337715 /* ViewModel */,
				52D0522C2BD7552800337715 /* Services */,
				52D052242BD7503200337715 /* Model */,
				52D052212BD74AE700337715 /* App */,
				52D052222BD74AEC00337715 /* View */,
				52D052232BD74AF300337715 /* Resources */,
				52D052192BD74ABF00337715 /* Preview Content */,
			);
			path = NewsIndo;
			sourceTree = "<group>";
		};
		52D052192BD74ABF00337715 /* Preview Content */ = {
			isa = PBXGroup;
			children = (
				52D0521A2BD74ABF00337715 /* Preview Assets.xcassets */,
			);
			path = "Preview Content";
			sourceTree = "<group>";
		};
		52D052212BD74AE700337715 /* App */ = {
			isa = PBXGroup;
			children = (
				52D052132BD74ABE00337715 /* NewsIndoApp.swift */,
			);
			path = App;
			sourceTree = "<group>";
		};
		52D052222BD74AEC00337715 /* View */ = {
			isa = PBXGroup;
			children = (
				52D052152BD74ABE00337715 /* ContentView.swift */,
			);
			path = View;
			sourceTree = "<group>";
		};
		52D052232BD74AF300337715 /* Resources */ = {
			isa = PBXGroup;
			children = (
				52D052172BD74ABF00337715 /* Assets.xcassets */,
			);
			path = Resources;
			sourceTree = "<group>";
		};
		52D052242BD7503200337715 /* Model */ = {
			isa = PBXGroup;
			children = (
				52D052252BD7504D00337715 /* News.swift */,
			);
			path = Model;
			sourceTree = "<group>";
		};
		52D0522C2BD7552800337715 /* Services */ = {
			isa = PBXGroup;
			children = (
				52D0522D2BD7554000337715 /* Constant.swift */,
				52D0522F2BD755DB00337715 /* APIService.swift */,
			);
			path = Services;
			sourceTree = "<group>";
		};
		52D052312BD75A7E00337715 /* ViewModel */ = {
			isa = PBXGroup;
			children = (
				52D052322BD75A8F00337715 /* NewsVM.swift */,
			);
			path = ViewModel;
			sourceTree = "<group>";
		};
		52D052352BD7622900337715 /* Helper */ = {
			isa = PBXGroup;
			children = (
				52D052362BD7626A00337715 /* String+ExtDate.swift */,
			);
			path = Helper;
			sourceTree = "<group>";
		};
		52D052382BD7841A00337715 /* Zetizen */ = {
			isa = PBXGroup;
			children = (
				52D052422BD7895600337715 /* View */,
				52D0523F2BD787DF00337715 /* ViewModel */,
				52D0523C2BD7858000337715 /* Services */,
				52D052392BD7844700337715 /* Model */,
			);
			path = Zetizen;
			sourceTree = "<group>";
		};
		52D052392BD7844700337715 /* Model */ = {
			isa = PBXGroup;
			children = (
				52D0523A2BD7845000337715 /* NewsZetizen.swift */,
			);
			path = Model;
			sourceTree = "<group>";
		};
		52D0523C2BD7858000337715 /* Services */ = {
			isa = PBXGroup;
			children = (
				52D0523D2BD7859C00337715 /* APIZetizenService.swift */,
			);
			path = Services;
			sourceTree = "<group>";
		};
		52D0523F2BD787DF00337715 /* ViewModel */ = {
			isa = PBXGroup;
			children = (
				52D052402BD787F700337715 /* ZetizenVM.swift */,
			);
			path = ViewModel;
			sourceTree = "<group>";
		};
		52D052422BD7895600337715 /* View */ = {
			isa = PBXGroup;
			children = (
				52D052432BD7897000337715 /* ZetizenView.swift */,
			);
			path = View;
			sourceTree = "<group>";
		};
/* End PBXGroup section */

/* Begin PBXNativeTarget section */
		52D0520F2BD74ABE00337715 /* NewsIndo */ = {
			isa = PBXNativeTarget;
			buildConfigurationList = 52D0521E2BD74ABF00337715 /* Build configuration list for PBXNativeTarget "NewsIndo" */;
			buildPhases = (
				52D0520C2BD74ABE00337715 /* Sources */,
				52D0520D2BD74ABE00337715 /* Frameworks */,
				52D0520E2BD74ABE00337715 /* Resources */,
			);
			buildRules = (
			);
			dependencies = (
			);
			name = NewsIndo;
			packageProductDependencies = (
				52D052282BD7541800337715 /* Alamofire */,
				52D0522A2BD7541800337715 /* AlamofireDynamic */,
			);
			productName = NewsIndo;
			productReference = 52D052102BD74ABE00337715 /* NewsIndo.app */;
			productType = "com.apple.product-type.application";
		};
/* End PBXNativeTarget section */

/* Begin PBXProject section */
		52D052082BD74ABE00337715 /* Project object */ = {
			isa = PBXProject;
			attributes = {
				BuildIndependentTargetsInParallel = 1;
				LastSwiftUpdateCheck = 1530;
				LastUpgradeCheck = 1530;
				TargetAttributes = {
					52D0520F2BD74ABE00337715 = {
						CreatedOnToolsVersion = 15.3;
					};
				};
			};
			buildConfigurationList = 52D0520B2BD74ABE00337715 /* Build configuration list for PBXProject "NewsIndo" */;
			compatibilityVersion = "Xcode 14.0";
			developmentRegion = en;
			hasScannedForEncodings = 0;
			knownRegions = (
				en,
				Base,
			);
			mainGroup = 52D052072BD74ABE00337715;
			packageReferences = (
				52D052272BD7541800337715 /* XCRemoteSwiftPackageReference "Alamofire" */,
			);
			productRefGroup = 52D052112BD74ABE00337715 /* Products */;
			projectDirPath = "";
			projectRoot = "";
			targets = (
				52D0520F2BD74ABE00337715 /* NewsIndo */,
			);
		};
/* End PBXProject section */

/* Begin PBXResourcesBuildPhase section */
		52D0520E2BD74ABE00337715 /* Resources */ = {
			isa = PBXResourcesBuildPhase;
			buildActionMask = 2147483647;
			files = (
				52D0521B2BD74ABF00337715 /* Preview Assets.xcassets in Resources */,
				52D052182BD74ABF00337715 /* Assets.xcassets in Resources */,
			);
			runOnlyForDeploymentPostprocessing = 0;
		};
/* End PBXResourcesBuildPhase section */

/* Begin PBXSourcesBuildPhase section */
		52D0520C2BD74ABE00337715 /* Sources */ = {
			isa = PBXSourcesBuildPhase;
			buildActionMask = 2147483647;
			files = (
				52D052372BD7626A00337715 /* String+ExtDate.swift in Sources */,
				52D052262BD7504D00337715 /* News.swift in Sources */,
				52D052302BD755DB00337715 /* APIService.swift in Sources */,
				52D052162BD74ABE00337715 /* ContentView.swift in Sources */,
				52D052442BD7897000337715 /* ZetizenView.swift in Sources */,
				52D052142BD74ABE00337715 /* NewsIndoApp.swift in Sources */,
				52D0523B2BD7845100337715 /* NewsZetizen.swift in Sources */,
				52D0523E2BD7859C00337715 /* APIZetizenService.swift in Sources */,
				52D0522E2BD7554000337715 /* Constant.swift in Sources */,
				52D052412BD787F700337715 /* ZetizenVM.swift in Sources */,
				52D052332BD75A8F00337715 /* NewsVM.swift in Sources */,
			);
			runOnlyForDeploymentPostprocessing = 0;
		};
/* End PBXSourcesBuildPhase section */

/* Begin XCBuildConfiguration section */
		52D0521C2BD74ABF00337715 /* Debug */ = {
			isa = XCBuildConfiguration;
			buildSettings = {
				ALWAYS_SEARCH_USER_PATHS = NO;
				ASSETCATALOG_COMPILER_GENERATE_SWIFT_ASSET_SYMBOL_EXTENSIONS = YES;
				CLANG_ANALYZER_NONNULL = YES;
				CLANG_ANALYZER_NUMBER_OBJECT_CONVERSION = YES_AGGRESSIVE;
				CLANG_CXX_LANGUAGE_STANDARD = "gnu++20";
				CLANG_ENABLE_MODULES = YES;
				CLANG_ENABLE_OBJC_ARC = YES;
				CLANG_ENABLE_OBJC_WEAK = YES;
				CLANG_WARN_BLOCK_CAPTURE_AUTORELEASING = YES;
				CLANG_WARN_BOOL_CONVERSION = YES;
				CLANG_WARN_COMMA = YES;
				CLANG_WARN_CONSTANT_CONVERSION = YES;
				CLANG_WARN_DEPRECATED_OBJC_IMPLEMENTATIONS = YES;
				CLANG_WARN_DIRECT_OBJC_ISA_USAGE = YES_ERROR;
				CLANG_WARN_DOCUMENTATION_COMMENTS = YES;
				CLANG_WARN_EMPTY_BODY = YES;
				CLANG_WARN_ENUM_CONVERSION = YES;
				CLANG_WARN_INFINITE_RECURSION = YES;
				CLANG_WARN_INT_CONVERSION = YES;
				CLANG_WARN_NON_LITERAL_NULL_CONVERSION = YES;
				CLANG_WARN_OBJC_IMPLICIT_RETAIN_SELF = YES;
				CLANG_WARN_OBJC_LITERAL_CONVERSION = YES;
				CLANG_WARN_OBJC_ROOT_CLASS = YES_ERROR;
				CLANG_WARN_QUOTED_INCLUDE_IN_FRAMEWORK_HEADER = YES;
				CLANG_WARN_RANGE_LOOP_ANALYSIS = YES;
				CLANG_WARN_STRICT_PROTOTYPES = YES;
				CLANG_WARN_SUSPICIOUS_MOVE = YES;
				CLANG_WARN_UNGUARDED_AVAILABILITY = YES_AGGRESSIVE;
				CLANG_WARN_UNREACHABLE_CODE = YES;
				CLANG_WARN__DUPLICATE_METHOD_MATCH = YES;
				COPY_PHASE_STRIP = NO;
				DEBUG_INFORMATION_FORMAT = dwarf;
				ENABLE_STRICT_OBJC_MSGSEND = YES;
				ENABLE_TESTABILITY = YES;
				ENABLE_USER_SCRIPT_SANDBOXING = YES;
				GCC_C_LANGUAGE_STANDARD = gnu17;
				GCC_DYNAMIC_NO_PIC = NO;
				GCC_NO_COMMON_BLOCKS = YES;
				GCC_OPTIMIZATION_LEVEL = 0;
				GCC_PREPROCESSOR_DEFINITIONS = (
					"DEBUG=1",
					"$(inherited)",
				);
				GCC_WARN_64_TO_32_BIT_CONVERSION = YES;
				GCC_WARN_ABOUT_RETURN_TYPE = YES_ERROR;
				GCC_WARN_UNDECLARED_SELECTOR = YES;
				GCC_WARN_UNINITIALIZED_AUTOS = YES_AGGRESSIVE;
				GCC_WARN_UNUSED_FUNCTION = YES;
				GCC_WARN_UNUSED_VARIABLE = YES;
				IPHONEOS_DEPLOYMENT_TARGET = 17.4;
				LOCALIZATION_PREFERS_STRING_CATALOGS = YES;
				MTL_ENABLE_DEBUG_INFO = INCLUDE_SOURCE;
				MTL_FAST_MATH = YES;
				ONLY_ACTIVE_ARCH = YES;
				SDKROOT = iphoneos;
				SWIFT_ACTIVE_COMPILATION_CONDITIONS = "DEBUG $(inherited)";
				SWIFT_OPTIMIZATION_LEVEL = "-Onone";
			};
			name = Debug;
		};
		52D0521D2BD74ABF00337715 /* Release */ = {
			isa = XCBuildConfiguration;
			buildSettings = {
				ALWAYS_SEARCH_USER_PATHS = NO;
				ASSETCATALOG_COMPILER_GENERATE_SWIFT_ASSET_SYMBOL_EXTENSIONS = YES;
				CLANG_ANALYZER_NONNULL = YES;
				CLANG_ANALYZER_NUMBER_OBJECT_CONVERSION = YES_AGGRESSIVE;
				CLANG_CXX_LANGUAGE_STANDARD = "gnu++20";
				CLANG_ENABLE_MODULES = YES;
				CLANG_ENABLE_OBJC_ARC = YES;
				CLANG_ENABLE_OBJC_WEAK = YES;
				CLANG_WARN_BLOCK_CAPTURE_AUTORELEASING = YES;
				CLANG_WARN_BOOL_CONVERSION = YES;
				CLANG_WARN_COMMA = YES;
				CLANG_WARN_CONSTANT_CONVERSION = YES;
				CLANG_WARN_DEPRECATED_OBJC_IMPLEMENTATIONS = YES;
				CLANG_WARN_DIRECT_OBJC_ISA_USAGE = YES_ERROR;
				CLANG_WARN_DOCUMENTATION_COMMENTS = YES;
				CLANG_WARN_EMPTY_BODY = YES;
				CLANG_WARN_ENUM_CONVERSION = YES;
				CLANG_WARN_INFINITE_RECURSION = YES;
				CLANG_WARN_INT_CONVERSION = YES;
				CLANG_WARN_NON_LITERAL_NULL_CONVERSION = YES;
				CLANG_WARN_OBJC_IMPLICIT_RETAIN_SELF = YES;
				CLANG_WARN_OBJC_LITERAL_CONVERSION = YES;
				CLANG_WARN_OBJC_ROOT_CLASS = YES_ERROR;
				CLANG_WARN_QUOTED_INCLUDE_IN_FRAMEWORK_HEADER = YES;
				CLANG_WARN_RANGE_LOOP_ANALYSIS = YES;
				CLANG_WARN_STRICT_PROTOTYPES = YES;
				CLANG_WARN_SUSPICIOUS_MOVE = YES;
				CLANG_WARN_UNGUARDED_AVAILABILITY = YES_AGGRESSIVE;
				CLANG_WARN_UNREACHABLE_CODE = YES;
				CLANG_WARN__DUPLICATE_METHOD_MATCH = YES;
				COPY_PHASE_STRIP = NO;
				DEBUG_INFORMATION_FORMAT = "dwarf-with-dsym";
				ENABLE_NS_ASSERTIONS = NO;
				ENABLE_STRICT_OBJC_MSGSEND = YES;
				ENABLE_USER_SCRIPT_SANDBOXING = YES;
				GCC_C_LANGUAGE_STANDARD = gnu17;
				GCC_NO_COMMON_BLOCKS = YES;
				GCC_WARN_64_TO_32_BIT_CONVERSION = YES;
				GCC_WARN_ABOUT_RETURN_TYPE = YES_ERROR;
				GCC_WARN_UNDECLARED_SELECTOR = YES;
				GCC_WARN_UNINITIALIZED_AUTOS = YES_AGGRESSIVE;
				GCC_WARN_UNUSED_FUNCTION = YES;
				GCC_WARN_UNUSED_VARIABLE = YES;
				IPHONEOS_DEPLOYMENT_TARGET = 17.4;
				LOCALIZATION_PREFERS_STRING_CATALOGS = YES;
				MTL_ENABLE_DEBUG_INFO = NO;
				MTL_FAST_MATH = YES;
				SDKROOT = iphoneos;
				SWIFT_COMPILATION_MODE = wholemodule;
				VALIDATE_PRODUCT = YES;
			};
			name = Release;
		};
		52D0521F2BD74ABF00337715 /* Debug */ = {
			isa = XCBuildConfiguration;
			buildSettings = {
				ASSETCATALOG_COMPILER_APPICON_NAME = AppIcon;
				ASSETCATALOG_COMPILER_GLOBAL_ACCENT_COLOR_NAME = AccentColor;
				CODE_SIGN_STYLE = Automatic;
				CURRENT_PROJECT_VERSION = 1;
				DEVELOPMENT_ASSET_PATHS = "\"NewsIndo/Preview Content\"";
				ENABLE_PREVIEWS = YES;
				GENERATE_INFOPLIST_FILE = YES;
				INFOPLIST_KEY_UIApplicationSceneManifest_Generation = YES;
				INFOPLIST_KEY_UIApplicationSupportsIndirectInputEvents = YES;
				INFOPLIST_KEY_UILaunchScreen_Generation = YES;
				INFOPLIST_KEY_UISupportedInterfaceOrientations_iPad = "UIInterfaceOrientationPortrait UIInterfaceOrientationPortraitUpsideDown UIInterfaceOrientationLandscapeLeft UIInterfaceOrientationLandscapeRight";
				INFOPLIST_KEY_UISupportedInterfaceOrientations_iPhone = "UIInterfaceOrientationPortrait UIInterfaceOrientationLandscapeLeft UIInterfaceOrientationLandscapeRight";
				LD_RUNPATH_SEARCH_PATHS = (
					"$(inherited)",
					"@executable_path/Frameworks",
				);
				MARKETING_VERSION = 1.0;
				PRODUCT_BUNDLE_IDENTIFIER = com.bcas.NewsIndo;
				PRODUCT_NAME = "$(TARGET_NAME)";
				SWIFT_EMIT_LOC_STRINGS = YES;
				SWIFT_VERSION = 5.0;
				TARGETED_DEVICE_FAMILY = "1,2";
			};
			name = Debug;
		};
		52D052202BD74ABF00337715 /* Release */ = {
			isa = XCBuildConfiguration;
			buildSettings = {
				ASSETCATALOG_COMPILER_APPICON_NAME = AppIcon;
				ASSETCATALOG_COMPILER_GLOBAL_ACCENT_COLOR_NAME = AccentColor;
				CODE_SIGN_STYLE = Automatic;
				CURRENT_PROJECT_VERSION = 1;
				DEVELOPMENT_ASSET_PATHS = "\"NewsIndo/Preview Content\"";
				ENABLE_PREVIEWS = YES;
				GENERATE_INFOPLIST_FILE = YES;
				INFOPLIST_KEY_UIApplicationSceneManifest_Generation = YES;
				INFOPLIST_KEY_UIApplicationSupportsIndirectInputEvents = YES;
				INFOPLIST_KEY_UILaunchScreen_Generation = YES;
				INFOPLIST_KEY_UISupportedInterfaceOrientations_iPad = "UIInterfaceOrientationPortrait UIInterfaceOrientationPortraitUpsideDown UIInterfaceOrientationLandscapeLeft UIInterfaceOrientationLandscapeRight";
				INFOPLIST_KEY_UISupportedInterfaceOrientations_iPhone = "UIInterfaceOrientationPortrait UIInterfaceOrientationLandscapeLeft UIInterfaceOrientationLandscapeRight";
				LD_RUNPATH_SEARCH_PATHS = (
					"$(inherited)",
					"@executable_path/Frameworks",
				);
				MARKETING_VERSION = 1.0;
				PRODUCT_BUNDLE_IDENTIFIER = com.bcas.NewsIndo;
				PRODUCT_NAME = "$(TARGET_NAME)";
				SWIFT_EMIT_LOC_STRINGS = YES;
				SWIFT_VERSION = 5.0;
				TARGETED_DEVICE_FAMILY = "1,2";
			};
			name = Release;
		};
/* End XCBuildConfiguration section */

/* Begin XCConfigurationList section */
		52D0520B2BD74ABE00337715 /* Build configuration list for PBXProject "NewsIndo" */ = {
			isa = XCConfigurationList;
			buildConfigurations = (
				52D0521C2BD74ABF00337715 /* Debug */,
				52D0521D2BD74ABF00337715 /* Release */,
			);
			defaultConfigurationIsVisible = 0;
			defaultConfigurationName = Release;
		};
		52D0521E2BD74ABF00337715 /* Build configuration list for PBXNativeTarget "NewsIndo" */ = {
			isa = XCConfigurationList;
			buildConfigurations = (
				52D0521F2BD74ABF00337715 /* Debug */,
				52D052202BD74ABF00337715 /* Release */,
			);
			defaultConfigurationIsVisible = 0;
			defaultConfigurationName = Release;
		};
/* End XCConfigurationList section */

/* Begin XCRemoteSwiftPackageReference section */
		52D052272BD7541800337715 /* XCRemoteSwiftPackageReference "Alamofire" */ = {
			isa = XCRemoteSwiftPackageReference;
			repositoryURL = "https://github.com/Alamofire/Alamofire.git";
			requirement = {
				kind = upToNextMajorVersion;
				minimumVersion = 5.9.1;
			};
		};
/* End XCRemoteSwiftPackageReference section */

/* Begin XCSwiftPackageProductDependency section */
		52D052282BD7541800337715 /* Alamofire */ = {
			isa = XCSwiftPackageProductDependency;
			package = 52D052272BD7541800337715 /* XCRemoteSwiftPackageReference "Alamofire" */;
			productName = Alamofire;
		};
		52D0522A2BD7541800337715 /* AlamofireDynamic */ = {
			isa = XCSwiftPackageProductDependency;
			package = 52D052272BD7541800337715 /* XCRemoteSwiftPackageReference "Alamofire" */;
			productName = AlamofireDynamic;
		};
/* End XCSwiftPackageProductDependency section */
	};
	rootObject = 52D052082BD74ABE00337715 /* Project object */;
}
